
Microsoft Visual Studio Solution File, Format Version 12.00
# Visual Studio Version 16
VisualStudioVersion = 16.0.30804.86
MinimumVisualStudioVersion = 10.0.40219.1
Project("{8BC9CEB8-8B4A-11D0-8D11-00A0C91BC942}") = "PointProcessor", "PointProcessor\PointProcessor.vcxproj", "{186C5C52-0C9D-4CFC-890F-EB9D842B9CBD}"
EndProject
Project("{8BC9CEB8-8B4A-11D0-8D11-00A0C91BC942}") = "PointProcessorLib", "PointProcessorLib\PointProcessorLib.vcxproj", "{AC40C0C3-8F03-4CDB-A249-97FC536D420D}"
EndProject
Project("{8BC9CEB8-8B4A-11D0-8D11-00A0C91BC942}") = "PointProcessorTest", "PointProcessorTest\PointProcessorTest.vcxproj", "{53FF5E0B-3271-4AE9-800B-D5DF8D3D251A}"
EndProject
Project("{8BC9CEB8-8B4A-11D0-8D11-00A0C91BC942}") = "ModbusLib", "ModbusLib\ModbusLib.vcxproj", "{A721EA89-39C9-4155-A2C5-1B5942ED2609}"
EndProject
Project("{8BC9CEB8-8B4A-11D0-8D11-00A0C91BC942}") = "SBBLib", "SBBLib\SBBLib.vcxproj", "{DC28E0E4-0287-43E0-BA89-8640228B7B2E}"
EndProject
Project("{8BC9CEB8-8B4A-11D0-8D11-00A0C91BC942}") = "SBBTest", "SBBTest\SBBTest.vcxproj", "{A43D8B67-209F-4BFA-A5E0-BA68C211A9F2}"
	ProjectSection(ProjectDependencies) = postProject
		{DC28E0E4-0287-43E0-BA89-8640228B7B2E} = {DC28E0E4-0287-43E0-BA89-8640228B7B2E}
	EndProjectSection
EndProject
Global
	GlobalSection(SolutionConfigurationPlatforms) = preSolution
		Debug|x64 = Debug|x64
		Debug|x86 = Debug|x86
		Release|x64 = Release|x64
		Release|x86 = Release|x86
	EndGlobalSection
	GlobalSection(ProjectConfigurationPlatforms) = postSolution
		{186C5C52-0C9D-4CFC-890F-EB9D842B9CBD}.Debug|x64.ActiveCfg = Debug|x64
		{186C5C52-0C9D-4CFC-890F-EB9D842B9CBD}.Debug|x64.Build.0 = Debug|x64
		{186C5C52-0C9D-4CFC-890F-EB9D842B9CBD}.Debug|x86.ActiveCfg = Debug|Win32
		{186C5C52-0C9D-4CFC-890F-EB9D842B9CBD}.Debug|x86.Build.0 = Debug|Win32
		{186C5C52-0C9D-4CFC-890F-EB9D842B9CBD}.Release|x64.ActiveCfg = Release|x64
		{186C5C52-0C9D-4CFC-890F-EB9D842B9CBD}.Release|x64.Build.0 = Release|x64
		{186C5C52-0C9D-4CFC-890F-EB9D842B9CBD}.Release|x86.ActiveCfg = Release|Win32
		{186C5C52-0C9D-4CFC-890F-EB9D842B9CBD}.Release|x86.Build.0 = Release|Win32
		{AC40C0C3-8F03-4CDB-A249-97FC536D420D}.Debug|x64.ActiveCfg = Debug|x64
		{AC40C0C3-8F03-4CDB-A249-97FC536D420D}.Debug|x64.Build.0 = Debug|x64
		{AC40C0C3-8F03-4CDB-A249-97FC536D420D}.Debug|x86.ActiveCfg = Debug|Win32
		{AC40C0C3-8F03-4CDB-A249-97FC536D420D}.Debug|x86.Build.0 = Debug|Win32
		{AC40C0C3-8F03-4CDB-A249-97FC536D420D}.Release|x64.ActiveCfg = Release|x64
		{AC40C0C3-8F03-4CDB-A249-97FC536D420D}.Release|x64.Build.0 = Release|x64
		{AC40C0C3-8F03-4CDB-A249-97FC536D420D}.Release|x86.ActiveCfg = Release|Win32
		{AC40C0C3-8F03-4CDB-A249-97FC536D420D}.Release|x86.Build.0 = Release|Win32
		{53FF5E0B-3271-4AE9-800B-D5DF8D3D251A}.Debug|x64.ActiveCfg = Debug|x64
		{53FF5E0B-3271-4AE9-800B-D5DF8D3D251A}.Debug|x64.Build.0 = Debug|x64
		{53FF5E0B-3271-4AE9-800B-D5DF8D3D251A}.Debug|x86.ActiveCfg = Debug|Win32
		{53FF5E0B-3271-4AE9-800B-D5DF8D3D251A}.Debug|x86.Build.0 = Debug|Win32
		{53FF5E0B-3271-4AE9-800B-D5DF8D3D251A}.Release|x64.ActiveCfg = Release|x64
		{53FF5E0B-3271-4AE9-800B-D5DF8D3D251A}.Release|x64.Build.0 = Release|x64
		{53FF5E0B-3271-4AE9-800B-D5DF8D3D251A}.Release|x86.ActiveCfg = Release|Win32
		{53FF5E0B-3271-4AE9-800B-D5DF8D3D251A}.Release|x86.Build.0 = Release|Win32
		{A721EA89-39C9-4155-A2C5-1B5942ED2609}.Debug|x64.ActiveCfg = Debug|x64
		{A721EA89-39C9-4155-A2C5-1B5942ED2609}.Debug|x64.Build.0 = Debug|x64
		{A721EA89-39C9-4155-A2C5-1B5942ED2609}.Debug|x86.ActiveCfg = Debug|Win32
		{A721EA89-39C9-4155-A2C5-1B5942ED2609}.Debug|x86.Build.0 = Debug|Win32
		{A721EA89-39C9-4155-A2C5-1B5942ED2609}.Release|x64.ActiveCfg = Release|x64
		{A721EA89-39C9-4155-A2C5-1B5942ED2609}.Release|x64.Build.0 = Release|x64
		{A721EA89-39C9-4155-A2C5-1B5942ED2609}.Release|x86.ActiveCfg = Release|Win32
		{A721EA89-39C9-4155-A2C5-1B5942ED2609}.Release|x86.Build.0 = Release|Win32
		{DC28E0E4-0287-43E0-BA89-8640228B7B2E}.Debug|x64.ActiveCfg = Debug|x64
		{DC28E0E4-0287-43E0-BA89-8640228B7B2E}.Debug|x64.Build.0 = Debug|x64
		{DC28E0E4-0287-43E0-BA89-8640228B7B2E}.Debug|x86.ActiveCfg = Debug|Win32
		{DC28E0E4-0287-43E0-BA89-8640228B7B2E}.Debug|x86.Build.0 = Debug|Win32
		{DC28E0E4-0287-43E0-BA89-8640228B7B2E}.Release|x64.ActiveCfg = Release|x64
		{DC28E0E4-0287-43E0-BA89-8640228B7B2E}.Release|x64.Build.0 = Release|x64
		{DC28E0E4-0287-43E0-BA89-8640228B7B2E}.Release|x86.ActiveCfg = Release|Win32
		{DC28E0E4-0287-43E0-BA89-8640228B7B2E}.Release|x86.Build.0 = Release|Win32
		{A43D8B67-209F-4BFA-A5E0-BA68C211A9F2}.Debug|x64.ActiveCfg = Debug|x64
		{A43D8B67-209F-4BFA-A5E0-BA68C211A9F2}.Debug|x64.Build.0 = Debug|x64
		{A43D8B67-209F-4BFA-A5E0-BA68C211A9F2}.Debug|x86.ActiveCfg = Debug|Win32
		{A43D8B67-209F-4BFA-A5E0-BA68C211A9F2}.Debug|x86.Build.0 = Debug|Win32
		{A43D8B67-209F-4BFA-A5E0-BA68C211A9F2}.Release|x64.ActiveCfg = Release|x64
		{A43D8B67-209F-4BFA-A5E0-BA68C211A9F2}.Release|x64.Build.0 = Release|x64
		{A43D8B67-209F-4BFA-A5E0-BA68C211A9F2}.Release|x86.ActiveCfg = Release|Win32
		{A43D8B67-209F-4BFA-A5E0-BA68C211A9F2}.Release|x86.Build.0 = Release|Win32
	EndGlobalSection
	GlobalSection(SolutionProperties) = preSolution
		HideSolutionNode = FALSE
	EndGlobalSection
	GlobalSection(ExtensibilityGlobals) = postSolution
		SolutionGuid = {29A0D479-F371-46CC-83BF-966D6864D8DE}
	EndGlobalSection
EndGlobal
