
Microsoft Visual Studio Solution File, Format Version 12.00
# Visual Studio Version 16
VisualStudioVersion = 16.0.29519.181
MinimumVisualStudioVersion = 10.0.40219.1
Project("{8BC9CEB8-8B4A-11D0-8D11-00A0C91BC942}") = "PointProcessor", "PointProcessor\PointProcessor.vcxproj", "{DCA3835B-2BBA-4B29-948C-8D6C40984502}"
EndProject
Project("{8BC9CEB8-8B4A-11D0-8D11-00A0C91BC942}") = "PointProcessorTests", "PointProcessorTests\PointProcessorTests.vcxproj", "{3BEA507F-A2C2-4616-9FB9-3FD586D0B424}"
EndProject
Global
	GlobalSection(SolutionConfigurationPlatforms) = preSolution
		Debug|x64 = Debug|x64
		Debug|x86 = Debug|x86
		Release|x64 = Release|x64
		Release|x86 = Release|x86
	EndGlobalSection
	GlobalSection(ProjectConfigurationPlatforms) = postSolution
		{DCA3835B-2BBA-4B29-948C-8D6C40984502}.Debug|x64.ActiveCfg = Debug|x64
		{DCA3835B-2BBA-4B29-948C-8D6C40984502}.Debug|x64.Build.0 = Debug|x64
		{DCA3835B-2BBA-4B29-948C-8D6C40984502}.Debug|x86.ActiveCfg = Debug|Win32
		{DCA3835B-2BBA-4B29-948C-8D6C40984502}.Debug|x86.Build.0 = Debug|Win32
		{DCA3835B-2BBA-4B29-948C-8D6C40984502}.Release|x64.ActiveCfg = Release|x64
		{DCA3835B-2BBA-4B29-948C-8D6C40984502}.Release|x64.Build.0 = Release|x64
		{DCA3835B-2BBA-4B29-948C-8D6C40984502}.Release|x86.ActiveCfg = Release|Win32
		{DCA3835B-2BBA-4B29-948C-8D6C40984502}.Release|x86.Build.0 = Release|Win32
		{3BEA507F-A2C2-4616-9FB9-3FD586D0B424}.Debug|x64.ActiveCfg = Debug|x64
		{3BEA507F-A2C2-4616-9FB9-3FD586D0B424}.Debug|x64.Build.0 = Debug|x64
		{3BEA507F-A2C2-4616-9FB9-3FD586D0B424}.Debug|x86.ActiveCfg = Debug|Win32
		{3BEA507F-A2C2-4616-9FB9-3FD586D0B424}.Debug|x86.Build.0 = Debug|Win32
		{3BEA507F-A2C2-4616-9FB9-3FD586D0B424}.Release|x64.ActiveCfg = Release|x64
		{3BEA507F-A2C2-4616-9FB9-3FD586D0B424}.Release|x64.Build.0 = Release|x64
		{3BEA507F-A2C2-4616-9FB9-3FD586D0B424}.Release|x86.ActiveCfg = Release|Win32
		{3BEA507F-A2C2-4616-9FB9-3FD586D0B424}.Release|x86.Build.0 = Release|Win32
	EndGlobalSection
	GlobalSection(SolutionProperties) = preSolution
		HideSolutionNode = FALSE
	EndGlobalSection
	GlobalSection(ExtensibilityGlobals) = postSolution
		SolutionGuid = {97F0B736-6536-4840-8289-4198E7EDCFF3}
	EndGlobalSection
EndGlobal
