<?xml version="1.0" encoding="utf-8"?>
<Project ToolsVersion="4.0" xmlns="http://schemas.microsoft.com/developer/msbuild/2003">
  <ItemGroup>
    <ClCompile Include="main.cpp">
      <Filter>Source Files</Filter>
    </ClCompile>
    <ClCompile Include="pch.cpp">
      <Filter>Source Files</Filter>
    </ClCompile>
    <ClCompile Include="AvgeragePointTest.cpp">
      <Filter>Source Files\Point</Filter>
    </ClCompile>
    <ClCompile Include="ChauvenetAveragePointTest.cpp">
      <Filter>Source Files\Point</Filter>
    </ClCompile>
    <ClCompile Include="CounterPointTest.cpp">
      <Filter>Source Files\Point</Filter>
    </ClCompile>
    <ClCompile Include="CToFPointTest.cpp">
      <Filter>Source Files\Point</Filter>
    </ClCompile>
    <ClCompile Include="DigitalFilterPointTest.cpp">
      <Filter>Source Files\Point</Filter>
    </ClCompile>
    <ClCompile Include="DividePointTest.cpp">
      <Filter>Source Files\Point</Filter>
    </ClCompile>
    <ClCompile Include="EqualSelectPointTest.cpp">
      <Filter>Source Files\Point</Filter>
    </ClCompile>
    <ClCompile Include="ExternalPointTest.cpp">
      <Filter>Source Files\Point</Filter>
    </ClCompile>
    <ClCompile Include="FToCPointTest.cpp">
      <Filter>Source Files\Point</Filter>
    </ClCompile>
    <ClCompile Include="GreaterThanEqualSelectPointTest.cpp">
      <Filter>Source Files\Point</Filter>
    </ClCompile>
    <ClCompile Include="GreaterThanSelectPointTest.cpp">
      <Filter>Source Files\Point</Filter>
    </ClCompile>
    <ClCompile Include="IntegerPrecisionTest.cpp">
      <Filter>Source Files\Point</Filter>
    </ClCompile>
    <ClCompile Include="MultiplyPointTest.cpp">
      <Filter>Source Files\Point</Filter>
    </ClCompile>
    <ClCompile Include="PolynomialPointTest.cpp">
      <Filter>Source Files\Point</Filter>
    </ClCompile>
    <ClCompile Include="PowerPointTest.cpp">
      <Filter>Source Files\Point</Filter>
    </ClCompile>
    <ClCompile Include="SelectPointTest.cpp">
      <Filter>Source Files\Point</Filter>
    </ClCompile>
    <ClCompile Include="SubtractPointTest.cpp">
      <Filter>Source Files\Point</Filter>
    </ClCompile>
    <ClCompile Include="SumPointTest.cpp">
      <Filter>Source Files\Point</Filter>
    </ClCompile>
    <ClCompile Include="NamedMutexTest.cpp">
      <Filter>Source Files\System</Filter>
    </ClCompile>
    <ClCompile Include="SharedMemoryTest.cpp">
      <Filter>Source Files\System</Filter>
    </ClCompile>
    <ClCompile Include="ShmAllocatorTest.cpp">
      <Filter>Source Files\System</Filter>
    </ClCompile>
  </ItemGroup>
  <ItemGroup>
    <None Include="packages.config" />
  </ItemGroup>
  <ItemGroup>
    <Filter Include="Header Files">
      <UniqueIdentifier>{31f7ed52-f49a-41d4-b7ae-717829039133}</UniqueIdentifier>
    </Filter>
    <Filter Include="Source Files">
      <UniqueIdentifier>{a44ad4cf-8e10-45fa-a67a-4204438a7fd1}</UniqueIdentifier>
    </Filter>
    <Filter Include="Source Files\Point">
      <UniqueIdentifier>{b0845c05-0f0b-43ce-8f76-c8c96db9156b}</UniqueIdentifier>
    </Filter>
    <Filter Include="Source Files\System">
      <UniqueIdentifier>{537c3f01-8f2f-4e1a-b5a1-679043c3b62f}</UniqueIdentifier>
    </Filter>
  </ItemGroup>
  <ItemGroup>
    <ClInclude Include="pch.h">
      <Filter>Header Files</Filter>
    </ClInclude>
  </ItemGroup>
</Project>