<?xml version="1.0" encoding="utf-8"?>
<Project ToolsVersion="4.0" xmlns="http://schemas.microsoft.com/developer/msbuild/2003">
  <ItemGroup>
    <Filter Include="Source Files">
      <UniqueIdentifier>{4FC737F1-C7A5-4376-A066-2A32D752A2FF}</UniqueIdentifier>
      <Extensions>cpp;c;cc;cxx;def;odl;idl;hpj;bat;asm;asmx</Extensions>
    </Filter>
    <Filter Include="Header Files">
      <UniqueIdentifier>{93995380-89BD-4b04-88EB-625FBE52EBFB}</UniqueIdentifier>
      <Extensions>h;hh;hpp;hxx;hm;inl;inc;ipp;xsd</Extensions>
    </Filter>
    <Filter Include="Resource Files">
      <UniqueIdentifier>{67DA6AB6-F800-4c08-8B7A-83BB121AAD01}</UniqueIdentifier>
      <Extensions>rc;ico;cur;bmp;dlg;rc2;rct;bin;rgs;gif;jpg;jpeg;jpe;resx;tiff;tif;png;wav;mfcribbon-ms</Extensions>
    </Filter>
    <Filter Include="Header Files\System">
      <UniqueIdentifier>{6053cae2-d520-43cc-9b5c-d2b3e3c08bb9}</UniqueIdentifier>
    </Filter>
    <Filter Include="Source Files\System">
      <UniqueIdentifier>{136429fc-222f-436c-b13e-3c5c7cad8bd0}</UniqueIdentifier>
    </Filter>
    <Filter Include="Header Files\PointProcessor">
      <UniqueIdentifier>{be261826-f3ca-408f-a119-066d2b9c5569}</UniqueIdentifier>
    </Filter>
    <Filter Include="Source Files\PointProcessor">
      <UniqueIdentifier>{e1dd5b6b-f7cb-4475-8fdb-c12c548322ff}</UniqueIdentifier>
    </Filter>
  </ItemGroup>
  <ItemGroup>
    <ClInclude Include="PidTable.h">
      <Filter>Header Files\PointProcessor</Filter>
    </ClInclude>
    <ClInclude Include="NamedMutex.h">
      <Filter>Header Files\System</Filter>
    </ClInclude>
    <ClInclude Include="SharedMemory.h">
      <Filter>Header Files\System</Filter>
    </ClInclude>
  </ItemGroup>
  <ItemGroup>
    <ClCompile Include="NamedMutex.c">
      <Filter>Source Files\System</Filter>
    </ClCompile>
    <ClCompile Include="PointProcessor.c">
      <Filter>Source Files\PointProcessor</Filter>
    </ClCompile>
    <ClCompile Include="SharedMemory.c">
      <Filter>Source Files\System</Filter>
    </ClCompile>
    <ClCompile Include="PidTable.c">
      <Filter>Source Files\PointProcessor</Filter>
    </ClCompile>
  </ItemGroup>
</Project>