<?xml version="1.0" encoding="utf-8"?>
<Project ToolsVersion="4.0" xmlns="http://schemas.microsoft.com/developer/msbuild/2003">
  <ItemGroup>
    <Filter Include="Source Files">
      <UniqueIdentifier>{4FC737F1-C7A5-4376-A066-2A32D752A2FF}</UniqueIdentifier>
      <Extensions>cpp;c;cc;cxx;def;odl;idl;hpj;bat;asm;asmx</Extensions>
    </Filter>
    <Filter Include="Header Files">
      <UniqueIdentifier>{93995380-89BD-4b04-88EB-625FBE52EBFB}</UniqueIdentifier>
      <Extensions>h;hh;hpp;hxx;hm;inl;inc;ipp;xsd</Extensions>
    </Filter>
    <Filter Include="Resource Files">
      <UniqueIdentifier>{67DA6AB6-F800-4c08-8B7A-83BB121AAD01}</UniqueIdentifier>
      <Extensions>rc;ico;cur;bmp;dlg;rc2;rct;bin;rgs;gif;jpg;jpeg;jpe;resx;tiff;tif;png;wav;mfcribbon-ms</Extensions>
    </Filter>
    <Filter Include="Header Files\System">
      <UniqueIdentifier>{6053cae2-d520-43cc-9b5c-d2b3e3c08bb9}</UniqueIdentifier>
    </Filter>
    <Filter Include="Source Files\System">
      <UniqueIdentifier>{136429fc-222f-436c-b13e-3c5c7cad8bd0}</UniqueIdentifier>
    </Filter>
    <Filter Include="Header Files\PointProcessor">
      <UniqueIdentifier>{be261826-f3ca-408f-a119-066d2b9c5569}</UniqueIdentifier>
    </Filter>
    <Filter Include="Source Files\PointProcessor">
      <UniqueIdentifier>{e1dd5b6b-f7cb-4475-8fdb-c12c548322ff}</UniqueIdentifier>
    </Filter>
    <Filter Include="Header Files\PointProcessor\BoolPoint">
      <UniqueIdentifier>{9d036e66-0e5f-45a2-895f-4dbe8098b9cc}</UniqueIdentifier>
    </Filter>
    <Filter Include="Source Files\PointProcessor\BoolPoint">
      <UniqueIdentifier>{51ef01c0-4a4c-4645-aba7-9756644f00a8}</UniqueIdentifier>
    </Filter>
    <Filter Include="Header Files\PointProcessor\FloatPoint">
      <UniqueIdentifier>{3c89b2c1-5f93-4908-a715-24c89ada00ef}</UniqueIdentifier>
    </Filter>
    <Filter Include="Header Files\PointProcessor\IntPoint">
      <UniqueIdentifier>{536bb3f1-2e20-46f3-99f8-ca7c40cf6217}</UniqueIdentifier>
    </Filter>
    <Filter Include="Source Files\PointProcessor\FloatPoint">
      <UniqueIdentifier>{4abc4038-ad0c-4b9a-99df-223ce21349e4}</UniqueIdentifier>
    </Filter>
    <Filter Include="Source Files\PointProcessor\IntPoint">
      <UniqueIdentifier>{dfb91ddc-3092-48b0-8f54-4cb2fb35253e}</UniqueIdentifier>
    </Filter>
    <Filter Include="Header Files\Server">
      <UniqueIdentifier>{f90aaac9-0538-4a0d-a852-3fd1380d4df6}</UniqueIdentifier>
    </Filter>
    <Filter Include="Source Files\Server">
      <UniqueIdentifier>{bdd92e0f-ecc6-4f40-8107-2e75e9e1d656}</UniqueIdentifier>
    </Filter>
  </ItemGroup>
  <ItemGroup>
    <ClInclude Include="PidTable.h">
      <Filter>Header Files\PointProcessor</Filter>
    </ClInclude>
    <ClInclude Include="NamedMutex.h">
      <Filter>Header Files\System</Filter>
    </ClInclude>
    <ClInclude Include="SharedMemory.h">
      <Filter>Header Files\System</Filter>
    </ClInclude>
    <ClInclude Include="Quality.h">
      <Filter>Header Files\PointProcessor</Filter>
    </ClInclude>
    <ClInclude Include="Data.h">
      <Filter>Header Files\PointProcessor</Filter>
    </ClInclude>
    <ClInclude Include="Constants.h">
      <Filter>Header Files\PointProcessor</Filter>
    </ClInclude>
    <ClInclude Include="PointTypes.h">
      <Filter>Header Files\PointProcessor</Filter>
    </ClInclude>
    <ClInclude Include="BoolInput.h">
      <Filter>Header Files\PointProcessor\BoolPoint</Filter>
    </ClInclude>
    <ClInclude Include="BoolPoint.h">
      <Filter>Header Files\PointProcessor\BoolPoint</Filter>
    </ClInclude>
    <ClInclude Include="FloatPoint.h">
      <Filter>Header Files\PointProcessor\FloatPoint</Filter>
    </ClInclude>
    <ClInclude Include="IntPoint.h">
      <Filter>Header Files\PointProcessor\IntPoint</Filter>
    </ClInclude>
  </ItemGroup>
  <ItemGroup>
    <ClCompile Include="NamedMutex.c">
      <Filter>Source Files\System</Filter>
    </ClCompile>
    <ClCompile Include="PointProcessor.c">
      <Filter>Source Files\PointProcessor</Filter>
    </ClCompile>
    <ClCompile Include="SharedMemory.c">
      <Filter>Source Files\System</Filter>
    </ClCompile>
    <ClCompile Include="PidTable.c">
      <Filter>Source Files\PointProcessor</Filter>
    </ClCompile>
    <ClCompile Include="BoolInput.c">
      <Filter>Source Files\PointProcessor\BoolPoint</Filter>
    </ClCompile>
    <ClCompile Include="BoolPoint.c">
      <Filter>Source Files\PointProcessor\BoolPoint</Filter>
    </ClCompile>
    <ClCompile Include="FloatPoint.c">
      <Filter>Source Files\PointProcessor\FloatPoint</Filter>
    </ClCompile>
    <ClCompile Include="IntPoint.c">
      <Filter>Source Files\PointProcessor\IntPoint</Filter>
    </ClCompile>
  </ItemGroup>
</Project>